
Microsoft Visual Studio Solution File, Format Version 12.00
# Visual Studio Version 17
VisualStudioVersion = 17.2.32519.379
MinimumVisualStudioVersion = 10.0.40219.1
Project("{FAE04EC0-301F-11D3-BF4B-00C04F79EFBC}") = "WpfApp2", "WpfApp2\WpfApp2.csproj", "{1CD5E0B4-518B-45C2-B23E-01054693E3C0}"
EndProject
Project("{FAE04EC0-301F-11D3-BF4B-00C04F79EFBC}") = "AppTreeView", "AppTreeView\AppTreeView.csproj", "{FE4BAF64-19B7-423B-942F-7D24FB1F4B9E}"
EndProject
Project("{FAE04EC0-301F-11D3-BF4B-00C04F79EFBC}") = "WpfComboBox", "WpfComboBox\WpfComboBox.csproj", "{1FEC5964-E43A-4778-8792-8EE4BF8BF0AE}"
EndProject
Project("{FAE04EC0-301F-11D3-BF4B-00C04F79EFBC}") = "CommonLibrary", "CommonLibrary\CommonLibrary.csproj", "{AFD3C033-D71E-4840-87A9-C08D6CE9511A}"
EndProject
Global
	GlobalSection(SolutionConfigurationPlatforms) = preSolution
		Debug|Any CPU = Debug|Any CPU
		Release|Any CPU = Release|Any CPU
	EndGlobalSection
	GlobalSection(ProjectConfigurationPlatforms) = postSolution
		{1CD5E0B4-518B-45C2-B23E-01054693E3C0}.Debug|Any CPU.ActiveCfg = Debug|Any CPU
		{1CD5E0B4-518B-45C2-B23E-01054693E3C0}.Debug|Any CPU.Build.0 = Debug|Any CPU
		{1CD5E0B4-518B-45C2-B23E-01054693E3C0}.Release|Any CPU.ActiveCfg = Release|Any CPU
		{1CD5E0B4-518B-45C2-B23E-01054693E3C0}.Release|Any CPU.Build.0 = Release|Any CPU
		{FE4BAF64-19B7-423B-942F-7D24FB1F4B9E}.Debug|Any CPU.ActiveCfg = Debug|Any CPU
		{FE4BAF64-19B7-423B-942F-7D24FB1F4B9E}.Debug|Any CPU.Build.0 = Debug|Any CPU
		{FE4BAF64-19B7-423B-942F-7D24FB1F4B9E}.Release|Any CPU.ActiveCfg = Release|Any CPU
		{FE4BAF64-19B7-423B-942F-7D24FB1F4B9E}.Release|Any CPU.Build.0 = Release|Any CPU
		{1FEC5964-E43A-4778-8792-8EE4BF8BF0AE}.Debug|Any CPU.ActiveCfg = Debug|Any CPU
		{1FEC5964-E43A-4778-8792-8EE4BF8BF0AE}.Debug|Any CPU.Build.0 = Debug|Any CPU
		{1FEC5964-E43A-4778-8792-8EE4BF8BF0AE}.Release|Any CPU.ActiveCfg = Release|Any CPU
		{1FEC5964-E43A-4778-8792-8EE4BF8BF0AE}.Release|Any CPU.Build.0 = Release|Any CPU
		{AFD3C033-D71E-4840-87A9-C08D6CE9511A}.Debug|Any CPU.ActiveCfg = Debug|Any CPU
		{AFD3C033-D71E-4840-87A9-C08D6CE9511A}.Debug|Any CPU.Build.0 = Debug|Any CPU
		{AFD3C033-D71E-4840-87A9-C08D6CE9511A}.Release|Any CPU.ActiveCfg = Release|Any CPU
		{AFD3C033-D71E-4840-87A9-C08D6CE9511A}.Release|Any CPU.Build.0 = Release|Any CPU
	EndGlobalSection
	GlobalSection(SolutionProperties) = preSolution
		HideSolutionNode = FALSE
	EndGlobalSection
	GlobalSection(ExtensibilityGlobals) = postSolution
		SolutionGuid = {B615FA63-2694-4251-8281-9EC4CF8CC94C}
	EndGlobalSection
EndGlobal
